dependencies:
- name: postgresql
  repository: https://charts.bitnami.com/bitnami
  version: 12.5.2
- name: nginx-ingress-controller
  repository: https://charts.bitnami.com/bitnami
  version: 9.6.3
digest: sha256:7d2e3cbd40ca9336a344592953db339f7556bd553ef143c4d473b5ed18d46f85
generated: "2023-05-20T22:42:05.097143+02:00"
